
Microsoft Visual Studio Solution File, Format Version 12.00
# Visual Studio Version 17
VisualStudioVersion = 17.14.36127.28 d17.14
MinimumVisualStudioVersion = 10.0.40219.1
Project("{FAE04EC0-301F-11D3-BF4B-00C04F79EFBC}") = "Ex05.Logic", "Ex05.Logic\Ex05.Logic.csproj", "{7DB069C1-6745-4BD6-B367-A60D45913DA4}"
EndProject
Project("{FAE04EC0-301F-11D3-BF4B-00C04F79EFBC}") = "Ex05.UI", "Ex05.UI\Ex05.UI.csproj", "{A75BEEB7-E8EB-40E4-829B-206B07EC12D2}"
EndProject
Global
	GlobalSection(SolutionConfigurationPlatforms) = preSolution
		Debug|Any CPU = Debug|Any CPU
		Release|Any CPU = Release|Any CPU
	EndGlobalSection
	GlobalSection(ProjectConfigurationPlatforms) = postSolution
		{7DB069C1-6745-4BD6-B367-A60D45913DA4}.Debug|Any CPU.ActiveCfg = Debug|Any CPU
		{7DB069C1-6745-4BD6-B367-A60D45913DA4}.Debug|Any CPU.Build.0 = Debug|Any CPU
		{7DB069C1-6745-4BD6-B367-A60D45913DA4}.Release|Any CPU.ActiveCfg = Release|Any CPU
		{7DB069C1-6745-4BD6-B367-A60D45913DA4}.Release|Any CPU.Build.0 = Release|Any CPU
		{A75BEEB7-E8EB-40E4-829B-206B07EC12D2}.Debug|Any CPU.ActiveCfg = Debug|Any CPU
		{A75BEEB7-E8EB-40E4-829B-206B07EC12D2}.Debug|Any CPU.Build.0 = Debug|Any CPU
		{A75BEEB7-E8EB-40E4-829B-206B07EC12D2}.Release|Any CPU.ActiveCfg = Release|Any CPU
		{A75BEEB7-E8EB-40E4-829B-206B07EC12D2}.Release|Any CPU.Build.0 = Release|Any CPU
	EndGlobalSection
	GlobalSection(SolutionProperties) = preSolution
		HideSolutionNode = FALSE
	EndGlobalSection
	GlobalSection(ExtensibilityGlobals) = postSolution
		SolutionGuid = {0DF00911-86B3-4012-9DF4-3583BAC6772B}
	EndGlobalSection
EndGlobal
